
Microsoft Visual Studio Solution File, Format Version 11.00
# Visual Studio 2010
Project("{FAE04EC0-301F-11D3-BF4B-00C04F79EFBC}") = "FrontEnd", "FrontEnd\FrontEnd.csproj", "{2AD4F5EB-928C-4873-96D6-B7D718EB9CF3}"
EndProject
Project("{FAE04EC0-301F-11D3-BF4B-00C04F79EFBC}") = "FrontEnd.Tests", "FrontEnd.Tests\FrontEnd.Tests.csproj", "{6FD6097B-A009-4F73-A836-AFA6842D20CB}"
EndProject
Global
	GlobalSection(SolutionConfigurationPlatforms) = preSolution
		Debug|Any CPU = Debug|Any CPU
		Release|Any CPU = Release|Any CPU
	EndGlobalSection
	GlobalSection(ProjectConfigurationPlatforms) = postSolution
		{2AD4F5EB-928C-4873-96D6-B7D718EB9CF3}.Debug|Any CPU.ActiveCfg = Debug|Any CPU
		{2AD4F5EB-928C-4873-96D6-B7D718EB9CF3}.Debug|Any CPU.Build.0 = Debug|Any CPU
		{2AD4F5EB-928C-4873-96D6-B7D718EB9CF3}.Release|Any CPU.ActiveCfg = Release|Any CPU
		{2AD4F5EB-928C-4873-96D6-B7D718EB9CF3}.Release|Any CPU.Build.0 = Release|Any CPU
		{6FD6097B-A009-4F73-A836-AFA6842D20CB}.Debug|Any CPU.ActiveCfg = Debug|Any CPU
		{6FD6097B-A009-4F73-A836-AFA6842D20CB}.Debug|Any CPU.Build.0 = Debug|Any CPU
		{6FD6097B-A009-4F73-A836-AFA6842D20CB}.Release|Any CPU.ActiveCfg = Release|Any CPU
		{6FD6097B-A009-4F73-A836-AFA6842D20CB}.Release|Any CPU.Build.0 = Release|Any CPU
	EndGlobalSection
	GlobalSection(SolutionProperties) = preSolution
		HideSolutionNode = FALSE
	EndGlobalSection
EndGlobal
